// !$*UTF8*$!
{
	archiveVersion = 1;
	classes = {
	};
	objectVersion = 46;
	objects = {

/* Begin PBXBuildFile section */
		01C9A87417BC55B500BD91F6 /* UIKit.framework in Frameworks */ = {isa = PBXBuildFile; fileRef = 01C9A87317BC55B500BD91F6 /* UIKit.framework */; };
		01C9A87617BC55B500BD91F6 /* Foundation.framework in Frameworks */ = {isa = PBXBuildFile; fileRef = 01C9A87517BC55B500BD91F6 /* Foundation.framework */; };
		01C9A87817BC55B500BD91F6 /* CoreGraphics.framework in Frameworks */ = {isa = PBXBuildFile; fileRef = 01C9A87717BC55B500BD91F6 /* CoreGraphics.framework */; };
		01C9A87E17BC55B500BD91F6 /* InfoPlist.strings in Resources */ = {isa = PBXBuildFile; fileRef = 01C9A87C17BC55B500BD91F6 /* InfoPlist.strings */; };
		01C9A88017BC55B500BD91F6 /* main.m in Sources */ = {isa = PBXBuildFile; fileRef = 01C9A87F17BC55B500BD91F6 /* main.m */; };
		01C9A88417BC55B500BD91F6 /* AppDelegate.m in Sources */ = {isa = PBXBuildFile; fileRef = 01C9A88317BC55B500BD91F6 /* AppDelegate.m */; };
		01C9A88617BC55B500BD91F6 /* Default.png in Resources */ = {isa = PBXBuildFile; fileRef = 01C9A88517BC55B500BD91F6 /* Default.png */; };
		01C9A88817BC55B500BD91F6 /* Default@2x.png in Resources */ = {isa = PBXBuildFile; fileRef = 01C9A88717BC55B500BD91F6 /* Default@2x.png */; };
		01C9A88A17BC55B500BD91F6 /* Default-568h@2x.png in Resources */ = {isa = PBXBuildFile; fileRef = 01C9A88917BC55B500BD91F6 /* Default-568h@2x.png */; };
		01C9A88D17BC55B500BD91F6 /* ViewController.m in Sources */ = {isa = PBXBuildFile; fileRef = 01C9A88C17BC55B500BD91F6 /* ViewController.m */; };
		01C9A89017BC55B500BD91F6 /* ViewController.xib in Resources */ = {isa = PBXBuildFile; fileRef = 01C9A88E17BC55B500BD91F6 /* ViewController.xib */; };
		01C9A89717BC562700BD91F6 /* Accounts.framework in Frameworks */ = {isa = PBXBuildFile; fileRef = 01C9A89617BC562700BD91F6 /* Accounts.framework */; };
		01C9A89D17BC99AE00BD91F6 /* CustomCellViewController.m in Sources */ = {isa = PBXBuildFile; fileRef = 01C9A89C17BC99AE00BD91F6 /* CustomCellViewController.m */; };
		01C9A89F17BC99CA00BD91F6 /* CustomCellView.xib in Resources */ = {isa = PBXBuildFile; fileRef = 01C9A89E17BC99CA00BD91F6 /* CustomCellView.xib */; };
		01C9A8A317BC9A3200BD91F6 /* DetailViewController.m in Sources */ = {isa = PBXBuildFile; fileRef = 01C9A8A117BC9A3200BD91F6 /* DetailViewController.m */; };
		01C9A8A417BC9A3200BD91F6 /* DetailViewController.xib in Resources */ = {isa = PBXBuildFile; fileRef = 01C9A8A217BC9A3200BD91F6 /* DetailViewController.xib */; };
		01C9A8A617BC9AE100BD91F6 /* Social.framework in Frameworks */ = {isa = PBXBuildFile; fileRef = 01C9A8A517BC9AE100BD91F6 /* Social.framework */; };
		01C9A8AA17BC9B6000BD91F6 /* UserDetailViewController.m in Sources */ = {isa = PBXBuildFile; fileRef = 01C9A8A817BC9B5F00BD91F6 /* UserDetailViewController.m */; };
		01C9A8AB17BC9B6000BD91F6 /* UserDetailViewController.xib in Resources */ = {isa = PBXBuildFile; fileRef = 01C9A8A917BC9B5F00BD91F6 /* UserDetailViewController.xib */; };
/* End PBXBuildFile section */

/* Begin PBXFileReference section */
		01C9A86F17BC55B500BD91F6 /* TwitterTestApp.app */ = {isa = PBXFileReference; explicitFileType = wrapper.application; includeInIndex = 0; path = TwitterTestApp.app; sourceTree = BUILT_PRODUCTS_DIR; };
		01C9A87317BC55B500BD91F6 /* UIKit.framework */ = {isa = PBXFileReference; lastKnownFileType = wrapper.framework; name = UIKit.framework; path = System/Library/Frameworks/UIKit.framework; sourceTree = SDKROOT; };
		01C9A87517BC55B500BD91F6 /* Foundation.framework */ = {isa = PBXFileReference; lastKnownFileType = wrapper.framework; name = Foundation.framework; path = System/Library/Frameworks/Foundation.framework; sourceTree = SDKROOT; };
		01C9A87717BC55B500BD91F6 /* CoreGraphics.framework */ = {isa = PBXFileReference; lastKnownFileType = wrapper.framework; name = CoreGraphics.framework; path = System/Library/Frameworks/CoreGraphics.framework; sourceTree = SDKROOT; };
		01C9A87B17BC55B500BD91F6 /* TwitterTestApp-Info.plist */ = {isa = PBXFileReference; lastKnownFileType = text.plist.xml; path = "TwitterTestApp-Info.plist"; sourceTree = "<group>"; };
		01C9A87D17BC55B500BD91F6 /* en */ = {isa = PBXFileReference; lastKnownFileType = text.plist.strings; name = en; path = en.lproj/InfoPlist.strings; sourceTree = "<group>"; };
		01C9A87F17BC55B500BD91F6 /* main.m */ = {isa = PBXFileReference; lastKnownFileType = sourcecode.c.objc; path = main.m; sourceTree = "<group>"; };
		01C9A88117BC55B500BD91F6 /* TwitterTestApp-Prefix.pch */ = {isa = PBXFileReference; lastKnownFileType = sourcecode.c.h; path = "TwitterTestApp-Prefix.pch"; sourceTree = "<group>"; };
		01C9A88217BC55B500BD91F6 /* AppDelegate.h */ = {isa = PBXFileReference; lastKnownFileType = sourcecode.c.h; path = AppDelegate.h; sourceTree = "<group>"; };
		01C9A88317BC55B500BD91F6 /* AppDelegate.m */ = {isa = PBXFileReference; lastKnownFileType = sourcecode.c.objc; path = AppDelegate.m; sourceTree = "<group>"; };
		01C9A88517BC55B500BD91F6 /* Default.png */ = {isa = PBXFileReference; lastKnownFileType = image.png; path = Default.png; sourceTree = "<group>"; };
		01C9A88717BC55B500BD91F6 /* Default@2x.png */ = {isa = PBXFileReference; lastKnownFileType = image.png; path = "Default@2x.png"; sourceTree = "<group>"; };
		01C9A88917BC55B500BD91F6 /* Default-568h@2x.png */ = {isa = PBXFileReference; lastKnownFileType = image.png; path = "Default-568h@2x.png"; sourceTree = "<group>"; };
		01C9A88B17BC55B500BD91F6 /* ViewController.h */ = {isa = PBXFileReference; lastKnownFileType = sourcecode.c.h; path = ViewController.h; sourceTree = "<group>"; };
		01C9A88C17BC55B500BD91F6 /* ViewController.m */ = {isa = PBXFileReference; lastKnownFileType = sourcecode.c.objc; path = ViewController.m; sourceTree = "<group>"; };
		01C9A88F17BC55B500BD91F6 /* en */ = {isa = PBXFileReference; lastKnownFileType = file.xib; name = en; path = en.lproj/ViewController.xib; sourceTree = "<group>"; };
		01C9A89617BC562700BD91F6 /* Accounts.framework */ = {isa = PBXFileReference; lastKnownFileType = wrapper.framework; name = Accounts.framework; path = System/Library/Frameworks/Accounts.framework; sourceTree = SDKROOT; };
		01C9A89B17BC99AE00BD91F6 /* CustomCellViewController.h */ = {isa = PBXFileReference; fileEncoding = 4; lastKnownFileType = sourcecode.c.h; name = CustomCellViewController.h; path = ../CustomCellViewController.h; sourceTree = "<group>"; };
		01C9A89C17BC99AE00BD91F6 /* CustomCellViewController.m */ = {isa = PBXFileReference; fileEncoding = 4; lastKnownFileType = sourcecode.c.objc; name = CustomCellViewController.m; path = ../CustomCellViewController.m; sourceTree = "<group>"; };
		01C9A89E17BC99CA00BD91F6 /* CustomCellView.xib */ = {isa = PBXFileReference; fileEncoding = 4; lastKnownFileType = file.xib; name = CustomCellView.xib; path = ../CustomCellView.xib; sourceTree = "<group>"; };
		01C9A8A017BC9A3100BD91F6 /* DetailViewController.h */ = {isa = PBXFileReference; fileEncoding = 4; lastKnownFileType = sourcecode.c.h; name = DetailViewController.h; path = ../DetailViewController.h; sourceTree = "<group>"; };
		01C9A8A117BC9A3200BD91F6 /* DetailViewController.m */ = {isa = PBXFileReference; fileEncoding = 4; lastKnownFileType = sourcecode.c.objc; name = DetailViewController.m; path = ../DetailViewController.m; sourceTree = "<group>"; };
		01C9A8A217BC9A3200BD91F6 /* DetailViewController.xib */ = {isa = PBXFileReference; fileEncoding = 4; lastKnownFileType = file.xib; name = DetailViewController.xib; path = ../DetailViewController.xib; sourceTree = "<group>"; };
		01C9A8A517BC9AE100BD91F6 /* Social.framework */ = {isa = PBXFileReference; lastKnownFileType = wrapper.framework; name = Social.framework; path = System/Library/Frameworks/Social.framework; sourceTree = SDKROOT; };
		01C9A8A717BC9B5F00BD91F6 /* UserDetailViewController.h */ = {isa = PBXFileReference; fileEncoding = 4; lastKnownFileType = sourcecode.c.h; name = UserDetailViewController.h; path = ../UserDetailViewController.h; sourceTree = "<group>"; };
		01C9A8A817BC9B5F00BD91F6 /* UserDetailViewController.m */ = {isa = PBXFileReference; fileEncoding = 4; lastKnownFileType = sourcecode.c.objc; name = UserDetailViewController.m; path = ../UserDetailViewController.m; sourceTree = "<group>"; };
		01C9A8A917BC9B5F00BD91F6 /* UserDetailViewController.xib */ = {isa = PBXFileReference; fileEncoding = 4; lastKnownFileType = file.xib; name = UserDetailViewController.xib; path = ../UserDetailViewController.xib; sourceTree = "<group>"; };
/* End PBXFileReference section */

/* Begin PBXFrameworksBuildPhase section */
		01C9A86C17BC55B500BD91F6 /* Frameworks */ = {
			isa = PBXFrameworksBuildPhase;
			buildActionMask = 2147483647;
			files = (
				01C9A8A617BC9AE100BD91F6 /* Social.framework in Frameworks */,
				01C9A89717BC562700BD91F6 /* Accounts.framework in Frameworks */,
				01C9A87417BC55B500BD91F6 /* UIKit.framework in Frameworks */,
				01C9A87617BC55B500BD91F6 /* Foundation.framework in Frameworks */,
				01C9A87817BC55B500BD91F6 /* CoreGraphics.framework in Frameworks */,
			);
			runOnlyForDeploymentPostprocessing = 0;
		};
/* End PBXFrameworksBuildPhase section */

/* Begin PBXGroup section */
		01C9A86417BC55B500BD91F6 = {
			isa = PBXGroup;
			children = (
				01C9A87917BC55B500BD91F6 /* TwitterTestApp */,
				01C9A87217BC55B500BD91F6 /* Frameworks */,
				01C9A87017BC55B500BD91F6 /* Products */,
			);
			sourceTree = "<group>";
		};
		01C9A87017BC55B500BD91F6 /* Products */ = {
			isa = PBXGroup;
			children = (
				01C9A86F17BC55B500BD91F6 /* TwitterTestApp.app */,
			);
			name = Products;
			sourceTree = "<group>";
		};
		01C9A87217BC55B500BD91F6 /* Frameworks */ = {
			isa = PBXGroup;
			children = (
				01C9A8A517BC9AE100BD91F6 /* Social.framework */,
				01C9A89617BC562700BD91F6 /* Accounts.framework */,
				01C9A87317BC55B500BD91F6 /* UIKit.framework */,
				01C9A87517BC55B500BD91F6 /* Foundation.framework */,
				01C9A87717BC55B500BD91F6 /* CoreGraphics.framework */,
			);
			name = Frameworks;
			sourceTree = "<group>";
		};
		01C9A87917BC55B500BD91F6 /* TwitterTestApp */ = {
			isa = PBXGroup;
			children = (
				01C9A88217BC55B500BD91F6 /* AppDelegate.h */,
				01C9A88317BC55B500BD91F6 /* AppDelegate.m */,
				01C9A88B17BC55B500BD91F6 /* ViewController.h */,
				01C9A88C17BC55B500BD91F6 /* ViewController.m */,
				01C9A88E17BC55B500BD91F6 /* ViewController.xib */,
				01C9A89B17BC99AE00BD91F6 /* CustomCellViewController.h */,
				01C9A89C17BC99AE00BD91F6 /* CustomCellViewController.m */,
				01C9A89E17BC99CA00BD91F6 /* CustomCellView.xib */,
				01C9A8A017BC9A3100BD91F6 /* DetailViewController.h */,
				01C9A8A117BC9A3200BD91F6 /* DetailViewController.m */,
				01C9A8A217BC9A3200BD91F6 /* DetailViewController.xib */,
				01C9A8A717BC9B5F00BD91F6 /* UserDetailViewController.h */,
				01C9A8A817BC9B5F00BD91F6 /* UserDetailViewController.m */,
				01C9A8A917BC9B5F00BD91F6 /* UserDetailViewController.xib */,
				01C9A87A17BC55B500BD91F6 /* Supporting Files */,
			);
			path = TwitterTestApp;
			sourceTree = "<group>";
		};
		01C9A87A17BC55B500BD91F6 /* Supporting Files */ = {
			isa = PBXGroup;
			children = (
				01C9A87B17BC55B500BD91F6 /* TwitterTestApp-Info.plist */,
				01C9A87C17BC55B500BD91F6 /* InfoPlist.strings */,
				01C9A87F17BC55B500BD91F6 /* main.m */,
				01C9A88117BC55B500BD91F6 /* TwitterTestApp-Prefix.pch */,
				01C9A88517BC55B500BD91F6 /* Default.png */,
				01C9A88717BC55B500BD91F6 /* Default@2x.png */,
				01C9A88917BC55B500BD91F6 /* Default-568h@2x.png */,
			);
			name = "Supporting Files";
			sourceTree = "<group>";
		};
/* End PBXGroup section */

/* Begin PBXNativeTarget section */
		01C9A86E17BC55B500BD91F6 /* TwitterTestApp */ = {
			isa = PBXNativeTarget;
			buildConfigurationList = 01C9A89317BC55B500BD91F6 /* Build configuration list for PBXNativeTarget "TwitterTestApp" */;
			buildPhases = (
				01C9A86B17BC55B500BD91F6 /* Sources */,
				01C9A86C17BC55B500BD91F6 /* Frameworks */,
				01C9A86D17BC55B500BD91F6 /* Resources */,
			);
			buildRules = (
			);
			dependencies = (
			);
			name = TwitterTestApp;
			productName = TwitterTestApp;
			productReference = 01C9A86F17BC55B500BD91F6 /* TwitterTestApp.app */;
			productType = "com.apple.product-type.application";
		};
/* End PBXNativeTarget section */

/* Begin PBXProject section */
		01C9A86617BC55B500BD91F6 /* Project object */ = {
			isa = PBXProject;
			attributes = {
				LastUpgradeCheck = 0450;
				ORGANIZATIONNAME = "Desire Gardner";
			};
			buildConfigurationList = 01C9A86917BC55B500BD91F6 /* Build configuration list for PBXProject "TwitterTestApp" */;
			compatibilityVersion = "Xcode 3.2";
			developmentRegion = English;
			hasScannedForEncodings = 0;
			knownRegions = (
				en,
			);
			mainGroup = 01C9A86417BC55B500BD91F6;
			productRefGroup = 01C9A87017BC55B500BD91F6 /* Products */;
			projectDirPath = "";
			projectRoot = "";
			targets = (
				01C9A86E17BC55B500BD91F6 /* TwitterTestApp */,
			);
		};
/* End PBXProject section */

/* Begin PBXResourcesBuildPhase section */
		01C9A86D17BC55B500BD91F6 /* Resources */ = {
			isa = PBXResourcesBuildPhase;
			buildActionMask = 2147483647;
			files = (
				01C9A87E17BC55B500BD91F6 /* InfoPlist.strings in Resources */,
				01C9A88617BC55B500BD91F6 /* Default.png in Resources */,
				01C9A88817BC55B500BD91F6 /* Default@2x.png in Resources */,
				01C9A88A17BC55B500BD91F6 /* Default-568h@2x.png in Resources */,
				01C9A89017BC55B500BD91F6 /* ViewController.xib in Resources */,
				01C9A89F17BC99CA00BD91F6 /* CustomCellView.xib in Resources */,
				01C9A8A417BC9A3200BD91F6 /* DetailViewController.xib in Resources */,
				01C9A8AB17BC9B6000BD91F6 /* UserDetailViewController.xib in Resources */,
			);
			runOnlyForDeploymentPostprocessing = 0;
		};
/* End PBXResourcesBuildPhase section */

/* Begin PBXSourcesBuildPhase section */
		01C9A86B17BC55B500BD91F6 /* Sources */ = {
			isa = PBXSourcesBuildPhase;
			buildActionMask = 2147483647;
			files = (
				01C9A88017BC55B500BD91F6 /* main.m in Sources */,
				01C9A88417BC55B500BD91F6 /* AppDelegate.m in Sources */,
				01C9A88D17BC55B500BD91F6 /* ViewController.m in Sources */,
				01C9A89D17BC99AE00BD91F6 /* CustomCellViewController.m in Sources */,
				01C9A8A317BC9A3200BD91F6 /* DetailViewController.m in Sources */,
				01C9A8AA17BC9B6000BD91F6 /* UserDetailViewController.m in Sources */,
			);
			runOnlyForDeploymentPostprocessing = 0;
		};
/* End PBXSourcesBuildPhase section */

/* Begin PBXVariantGroup section */
		01C9A87C17BC55B500BD91F6 /* InfoPlist.strings */ = {
			isa = PBXVariantGroup;
			children = (
				01C9A87D17BC55B500BD91F6 /* en */,
			);
			name = InfoPlist.strings;
			sourceTree = "<group>";
		};
		01C9A88E17BC55B500BD91F6 /* ViewController.xib */ = {
			isa = PBXVariantGroup;
			children = (
				01C9A88F17BC55B500BD91F6 /* en */,
			);
			name = ViewController.xib;
			sourceTree = "<group>";
		};
/* End PBXVariantGroup section */

/* Begin XCBuildConfiguration section */
		01C9A89117BC55B500BD91F6 /* Debug */ = {
			isa = XCBuildConfiguration;
			buildSettings = {
				ALWAYS_SEARCH_USER_PATHS = NO;
				CLANG_CXX_LANGUAGE_STANDARD = "gnu++0x";
				CLANG_CXX_LIBRARY = "libc++";
				CLANG_ENABLE_OBJC_ARC = YES;
				CLANG_WARN_EMPTY_BODY = YES;
				CLANG_WARN__DUPLICATE_METHOD_MATCH = YES;
				"CODE_SIGN_IDENTITY[sdk=iphoneos*]" = "iPhone Developer";
				COPY_PHASE_STRIP = NO;
				GCC_C_LANGUAGE_STANDARD = gnu99;
				GCC_DYNAMIC_NO_PIC = NO;
				GCC_OPTIMIZATION_LEVEL = 0;
				GCC_PREPROCESSOR_DEFINITIONS = (
					"DEBUG=1",
					"$(inherited)",
				);
				GCC_SYMBOLS_PRIVATE_EXTERN = NO;
				GCC_WARN_ABOUT_RETURN_TYPE = YES;
				GCC_WARN_UNINITIALIZED_AUTOS = YES;
				GCC_WARN_UNUSED_VARIABLE = YES;
				IPHONEOS_DEPLOYMENT_TARGET = 6.0;
				ONLY_ACTIVE_ARCH = YES;
				SDKROOT = iphoneos;
			};
			name = Debug;
		};
		01C9A89217BC55B500BD91F6 /* Release */ = {
			isa = XCBuildConfiguration;
			buildSettings = {
				ALWAYS_SEARCH_USER_PATHS = NO;
				CLANG_CXX_LANGUAGE_STANDARD = "gnu++0x";
				CLANG_CXX_LIBRARY = "libc++";
				CLANG_ENABLE_OBJC_ARC = YES;
				CLANG_WARN_EMPTY_BODY = YES;
				CLANG_WARN__DUPLICATE_METHOD_MATCH = YES;
				"CODE_SIGN_IDENTITY[sdk=iphoneos*]" = "iPhone Developer";
				COPY_PHASE_STRIP = YES;
				GCC_C_LANGUAGE_STANDARD = gnu99;
				GCC_WARN_ABOUT_RETURN_TYPE = YES;
				GCC_WARN_UNINITIALIZED_AUTOS = YES;
				GCC_WARN_UNUSED_VARIABLE = YES;
				IPHONEOS_DEPLOYMENT_TARGET = 6.0;
				OTHER_CFLAGS = "-DNS_BLOCK_ASSERTIONS=1";
				SDKROOT = iphoneos;
				VALIDATE_PRODUCT = YES;
			};
			name = Release;
		};
		01C9A89417BC55B500BD91F6 /* Debug */ = {
			isa = XCBuildConfiguration;
			buildSettings = {
				GCC_PRECOMPILE_PREFIX_HEADER = YES;
				GCC_PREFIX_HEADER = "TwitterTestApp/TwitterTestApp-Prefix.pch";
				INFOPLIST_FILE = "TwitterTestApp/TwitterTestApp-Info.plist";
				PRODUCT_NAME = "$(TARGET_NAME)";
				WRAPPER_EXTENSION = app;
			};
			name = Debug;
		};
		01C9A89517BC55B500BD91F6 /* Release */ = {
			isa = XCBuildConfiguration;
			buildSettings = {
				GCC_PRECOMPILE_PREFIX_HEADER = YES;
				GCC_PREFIX_HEADER = "TwitterTestApp/TwitterTestApp-Prefix.pch";
				INFOPLIST_FILE = "TwitterTestApp/TwitterTestApp-Info.plist";
				PRODUCT_NAME = "$(TARGET_NAME)";
				WRAPPER_EXTENSION = app;
			};
			name = Release;
		};
/* End XCBuildConfiguration section */

/* Begin XCConfigurationList section */
		01C9A86917BC55B500BD91F6 /* Build configuration list for PBXProject "TwitterTestApp" */ = {
			isa = XCConfigurationList;
			buildConfigurations = (
				01C9A89117BC55B500BD91F6 /* Debug */,
				01C9A89217BC55B500BD91F6 /* Release */,
			);
			defaultConfigurationIsVisible = 0;
			defaultConfigurationName = Release;
		};
		01C9A89317BC55B500BD91F6 /* Build configuration list for PBXNativeTarget "TwitterTestApp" */ = {
			isa = XCConfigurationList;
			buildConfigurations = (
				01C9A89417BC55B500BD91F6 /* Debug */,
				01C9A89517BC55B500BD91F6 /* Release */,
			);
			defaultConfigurationIsVisible = 0;
		};
/* End XCConfigurationList section */
	};
	rootObject = 01C9A86617BC55B500BD91F6 /* Project object */;
}
